{
	"name": "netdisk-link-recognize",
	"version": "1.0.0",
	"lockfileVersion": 3,
	"requires": true,
	"packages": {
		"": {
			"name": "netdisk-link-recognize",
			"version": "1.0.0",
			"devDependencies": {
				"@types/crypto-js": "^4.2.2"
			}
		},
		"node_modules/@types/crypto-js": {
			"version": "4.2.2",
			"resolved": "https://registry.npmjs.org/@types/crypto-js/-/crypto-js-4.2.2.tgz",
			"integrity": "sha512-sDOLlVbHhXpAUAL0YHDUUwDZf3iN4Bwi4W6a0W0b+QcAezUbRtH4FVb+9J4h+XFPW7l/gQ9F8qC7P+Ec4k8QVQ==",
			"dev": true,
			"license": "MIT"
		}
	}
}
