{
	"name": "@whitesev/pops",
	"version": "2.1.5",
	"lockfileVersion": 3,
	"requires": true,
	"packages": {
		"": {
			"name": "@whitesev/pops",
			"version": "2.1.5",
			"license": "MIT",
			"dependencies": {
				"any-touch": "^2.2.0",
				"worker-timers": "^8.0.21"
			},
			"devDependencies": {
				"@rollup/plugin-commonjs": "^28.0.6",
				"@rollup/plugin-node-resolve": "^16.0.1",
				"@rollup/plugin-typescript": "12.1.4",
				"rollup": "^4.44.2",
				"rollup-plugin-clear": "^2.0.7",
				"rollup-plugin-import-css": "^4.0.1",
				"tslib": "^2.8.1",
				"typescript": "^5.8.3"
			}
		},
		"node_modules/@any-touch/compute": {
			"version": "2.2.0",
			"resolved": "https://registry.npmjs.org/@any-touch/compute/-/compute-2.2.0.tgz",
			"integrity": "sha512-hrw74b/cVT8SmiKFLValmllajw+bBvTa5iUwIXFVVIJM9T3tO15zZC2QbjVz8Uwi6XjH932RDUILGMs2TNvyQg==",
			"license": "MIT",
			"dependencies": {
				"@any-touch/shared": "^2.2.0",
				"@any-touch/vector": "^2.2.0",
				"tslib": "^2.3.1"
			}
		},
		"node_modules/@any-touch/core": {
			"version": "2.2.0",
			"resolved": "https://registry.npmjs.org/@any-touch/core/-/core-2.2.0.tgz",
			"integrity": "sha512-xMHAA5aLCatFto+4fQWyE4YAsyN/LsXS4mnYuVpqFYoNz8dl5FsB/TIyb9JrqMKLYMxxcZ9joqR8gDprH1lwBw==",
			"license": "MIT",
			"dependencies": {
				"@any-touch/shared": "^2.2.0",
				"any-event": "^2.2.0"
			}
		},
		"node_modules/@any-touch/doubletap": {
			"version": "2.2.0",
			"resolved": "https://registry.npmjs.org/@any-touch/doubletap/-/doubletap-2.2.0.tgz",
			"integrity": "sha512-g/Aj/4K2EocalpyKWoUL2HyxI+oJyO+6UwJvEvSpOTdjQXLnK155C0JhxC4pBAJS3yIwFXwU+/2ecagUABWTug==",
			"license": "MIT",
			"dependencies": {
				"@any-touch/compute": "^2.2.0",
				"@any-touch/shared": "^2.2.0",
				"@any-touch/vector": "^2.2.0"
			}
		},
		"node_modules/@any-touch/pan": {
			"version": "2.2.0",
			"resolved": "https://registry.npmjs.org/@any-touch/pan/-/pan-2.2.0.tgz",
			"integrity": "sha512-uMkCHbTm5qWji/FvhumP9n1ZCkPU7hy864g+ZhoWZ0OWAmn7s/TKRo4UqPBfqEPUMV6obGZvatrrgBLWT6J57w==",
			"license": "MIT",
			"dependencies": {
				"@any-touch/compute": "^2.2.0",
				"@any-touch/shared": "^2.2.0"
			}
		},
		"node_modules/@any-touch/pinch": {
			"version": "2.2.0",
			"resolved": "https://registry.npmjs.org/@any-touch/pinch/-/pinch-2.2.0.tgz",
			"integrity": "sha512-TVLbjvdH2/lKUDSEOqPUi7VoXqAKn1MtsVNHNedpY//vv39Y9+OTfG/6qQoaH8ZS3g/C8cLyoGDu8W9P95b9zQ==",
			"license": "MIT",
			"dependencies": {
				"@any-touch/compute": "^2.2.0"
			}
		},
		"node_modules/@any-touch/press": {
			"version": "2.2.0",
			"resolved": "https://registry.npmjs.org/@any-touch/press/-/press-2.2.0.tgz",
			"integrity": "sha512-+iIxniO6wrCh621fScGXARgjCxjn/XpqfwxHd7Pq7MVJl51sFrQu1pxWOk6j/I+FA3YfPU9kInO2H45BADWBXw==",
			"license": "MIT",
			"dependencies": {
				"@any-touch/compute": "^2.2.0",
				"@any-touch/shared": "^2.2.0"
			}
		},
		"node_modules/@any-touch/rotate": {
			"version": "2.2.0",
			"resolved": "https://registry.npmjs.org/@any-touch/rotate/-/rotate-2.2.0.tgz",
			"integrity": "sha512-tRph/mSYWXFtrwwtpNzuIcjlyXh1sQvJf/XGJCBVEmi+ePWZRTIc7OV9fLOVZSfXui/9Z+9UYSTSZHJw31skyg==",
			"license": "MIT",
			"dependencies": {
				"@any-touch/compute": "^2.2.0"
			}
		},
		"node_modules/@any-touch/shared": {
			"version": "2.2.0",
			"resolved": "https://registry.npmjs.org/@any-touch/shared/-/shared-2.2.0.tgz",
			"integrity": "sha512-2n1zWaATi/3osr/dkIUq5O7aSffKUsTM4DsIbPMW1VEO77v/rX2HkLoxt2Djzj5eCGh7An55Vw8NeA33kTTSRA==",
			"license": "MIT"
		},
		"node_modules/@any-touch/swipe": {
			"version": "2.2.0",
			"resolved": "https://registry.npmjs.org/@any-touch/swipe/-/swipe-2.2.0.tgz",
			"integrity": "sha512-AzHKVuUpZzIaFUq4D4jXSaqfSyKEM/ipqnwKv4439z7R7OKWD5n8sI3T5jDDGKaUe+IIoOYVOgmwPDVCflfw4Q==",
			"license": "MIT",
			"dependencies": {
				"@any-touch/compute": "^2.2.0",
				"@any-touch/shared": "^2.2.0"
			}
		},
		"node_modules/@any-touch/tap": {
			"version": "2.2.0",
			"resolved": "https://registry.npmjs.org/@any-touch/tap/-/tap-2.2.0.tgz",
			"integrity": "sha512-x+FIa/0iaKdXI6aKosThWmuGgPYX9U+QFO3Xp1xBjIMmKevDBOqVzFFFDMj8BU0fuY0aU8a+UfVKpMnar6Y87Q==",
			"license": "MIT",
			"dependencies": {
				"@any-touch/compute": "^2.2.0",
				"@any-touch/shared": "^2.2.0",
				"@any-touch/vector": "^2.2.0"
			}
		},
		"node_modules/@any-touch/vector": {
			"version": "2.2.0",
			"resolved": "https://registry.npmjs.org/@any-touch/vector/-/vector-2.2.0.tgz",
			"integrity": "sha512-t7pGYegIDCJl+swwsohZHZKmF71ZMt+hjwVEyhaEP6nQhcx6S7zulxnRxNp1t8s+c/JdK02Q89HnzQ4Ukg4+IA==",
			"license": "MIT",
			"dependencies": {
				"@any-touch/shared": "^2.2.0"
			}
		},
		"node_modules/@babel/runtime": {
			"version": "7.27.6",
			"resolved": "https://registry.npmjs.org/@babel/runtime/-/runtime-7.27.6.tgz",
			"integrity": "sha512-vbavdySgbTTrmFE+EsiqUTzlOr5bzlnJtUv9PynGCAKvfQqjIXbvFdumPM/GxMDfyuGMJaJAU6TO4zc1Jf1i8Q==",
			"license": "MIT",
			"engines": {
				"node": ">=6.9.0"
			}
		},
		"node_modules/@jridgewell/sourcemap-codec": {
			"version": "1.5.0",
			"resolved": "https://registry.npmjs.org/@jridgewell/sourcemap-codec/-/sourcemap-codec-1.5.0.tgz",
			"integrity": "sha512-gv3ZRaISU3fjPAgNsriBRqGWQL6quFx04YMPW/zD8XMLsU32mhCCbfbO6KZFLjvYpCZ8zyDEgqsgf+PwPaM7GQ==",
			"dev": true,
			"license": "MIT"
		},
		"node_modules/@rollup/plugin-commonjs": {
			"version": "28.0.6",
			"resolved": "https://registry.npmjs.org/@rollup/plugin-commonjs/-/plugin-commonjs-28.0.6.tgz",
			"integrity": "sha512-XSQB1K7FUU5QP+3lOQmVCE3I0FcbbNvmNT4VJSj93iUjayaARrTQeoRdiYQoftAJBLrR9t2agwAd3ekaTgHNlw==",
			"dev": true,
			"license": "MIT",
			"dependencies": {
				"@rollup/pluginutils": "^5.0.1",
				"commondir": "^1.0.1",
				"estree-walker": "^2.0.2",
				"fdir": "^6.2.0",
				"is-reference": "1.2.1",
				"magic-string": "^0.30.3",
				"picomatch": "^4.0.2"
			},
			"engines": {
				"node": ">=16.0.0 || 14 >= 14.17"
			},
			"peerDependencies": {
				"rollup": "^2.68.0||^3.0.0||^4.0.0"
			},
			"peerDependenciesMeta": {
				"rollup": {
					"optional": true
				}
			}
		},
		"node_modules/@rollup/plugin-node-resolve": {
			"version": "16.0.1",
			"resolved": "https://registry.npmjs.org/@rollup/plugin-node-resolve/-/plugin-node-resolve-16.0.1.tgz",
			"integrity": "sha512-tk5YCxJWIG81umIvNkSod2qK5KyQW19qcBF/B78n1bjtOON6gzKoVeSzAE8yHCZEDmqkHKkxplExA8KzdJLJpA==",
			"dev": true,
			"license": "MIT",
			"dependencies": {
				"@rollup/pluginutils": "^5.0.1",
				"@types/resolve": "1.20.2",
				"deepmerge": "^4.2.2",
				"is-module": "^1.0.0",
				"resolve": "^1.22.1"
			},
			"engines": {
				"node": ">=14.0.0"
			},
			"peerDependencies": {
				"rollup": "^2.78.0||^3.0.0||^4.0.0"
			},
			"peerDependenciesMeta": {
				"rollup": {
					"optional": true
				}
			}
		},
		"node_modules/@rollup/plugin-typescript": {
			"version": "12.1.4",
			"resolved": "https://registry.npmjs.org/@rollup/plugin-typescript/-/plugin-typescript-12.1.4.tgz",
			"integrity": "sha512-s5Hx+EtN60LMlDBvl5f04bEiFZmAepk27Q+mr85L/00zPDn1jtzlTV6FWn81MaIwqfWzKxmOJrBWHU6vtQyedQ==",
			"dev": true,
			"license": "MIT",
			"dependencies": {
				"@rollup/pluginutils": "^5.1.0",
				"resolve": "^1.22.1"
			},
			"engines": {
				"node": ">=14.0.0"
			},
			"peerDependencies": {
				"rollup": "^2.14.0||^3.0.0||^4.0.0",
				"tslib": "*",
				"typescript": ">=3.7.0"
			},
			"peerDependenciesMeta": {
				"rollup": {
					"optional": true
				},
				"tslib": {
					"optional": true
				}
			}
		},
		"node_modules/@rollup/pluginutils": {
			"version": "5.2.0",
			"resolved": "https://registry.npmjs.org/@rollup/pluginutils/-/pluginutils-5.2.0.tgz",
			"integrity": "sha512-qWJ2ZTbmumwiLFomfzTyt5Kng4hwPi9rwCYN4SHb6eaRU1KNO4ccxINHr/VhH4GgPlt1XfSTLX2LBTme8ne4Zw==",
			"dev": true,
			"license": "MIT",
			"dependencies": {
				"@types/estree": "^1.0.0",
				"estree-walker": "^2.0.2",
				"picomatch": "^4.0.2"
			},
			"engines": {
				"node": ">=14.0.0"
			},
			"peerDependencies": {
				"rollup": "^1.20.0||^2.0.0||^3.0.0||^4.0.0"
			},
			"peerDependenciesMeta": {
				"rollup": {
					"optional": true
				}
			}
		},
		"node_modules/@rollup/rollup-android-arm-eabi": {
			"version": "4.44.2",
			"resolved": "https://registry.npmjs.org/@rollup/rollup-android-arm-eabi/-/rollup-android-arm-eabi-4.44.2.tgz",
			"integrity": "sha512-g0dF8P1e2QYPOj1gu7s/3LVP6kze9A7m6x0BZ9iTdXK8N5c2V7cpBKHV3/9A4Zd8xxavdhK0t4PnqjkqVmUc9Q==",
			"cpu": [
				"arm"
			],
			"dev": true,
			"license": "MIT",
			"optional": true,
			"os": [
				"android"
			]
		},
		"node_modules/@rollup/rollup-android-arm64": {
			"version": "4.44.2",
			"resolved": "https://registry.npmjs.org/@rollup/rollup-android-arm64/-/rollup-android-arm64-4.44.2.tgz",
			"integrity": "sha512-Yt5MKrOosSbSaAK5Y4J+vSiID57sOvpBNBR6K7xAaQvk3MkcNVV0f9fE20T+41WYN8hDn6SGFlFrKudtx4EoxA==",
			"cpu": [
				"arm64"
			],
			"dev": true,
			"license": "MIT",
			"optional": true,
			"os": [
				"android"
			]
		},
		"node_modules/@rollup/rollup-darwin-arm64": {
			"version": "4.44.2",
			"resolved": "https://registry.npmjs.org/@rollup/rollup-darwin-arm64/-/rollup-darwin-arm64-4.44.2.tgz",
			"integrity": "sha512-EsnFot9ZieM35YNA26nhbLTJBHD0jTwWpPwmRVDzjylQT6gkar+zenfb8mHxWpRrbn+WytRRjE0WKsfaxBkVUA==",
			"cpu": [
				"arm64"
			],
			"dev": true,
			"license": "MIT",
			"optional": true,
			"os": [
				"darwin"
			]
		},
		"node_modules/@rollup/rollup-darwin-x64": {
			"version": "4.44.2",
			"resolved": "https://registry.npmjs.org/@rollup/rollup-darwin-x64/-/rollup-darwin-x64-4.44.2.tgz",
			"integrity": "sha512-dv/t1t1RkCvJdWWxQ2lWOO+b7cMsVw5YFaS04oHpZRWehI1h0fV1gF4wgGCTyQHHjJDfbNpwOi6PXEafRBBezw==",
			"cpu": [
				"x64"
			],
			"dev": true,
			"license": "MIT",
			"optional": true,
			"os": [
				"darwin"
			]
		},
		"node_modules/@rollup/rollup-freebsd-arm64": {
			"version": "4.44.2",
			"resolved": "https://registry.npmjs.org/@rollup/rollup-freebsd-arm64/-/rollup-freebsd-arm64-4.44.2.tgz",
			"integrity": "sha512-W4tt4BLorKND4qeHElxDoim0+BsprFTwb+vriVQnFFtT/P6v/xO5I99xvYnVzKWrK6j7Hb0yp3x7V5LUbaeOMg==",
			"cpu": [
				"arm64"
			],
			"dev": true,
			"license": "MIT",
			"optional": true,
			"os": [
				"freebsd"
			]
		},
		"node_modules/@rollup/rollup-freebsd-x64": {
			"version": "4.44.2",
			"resolved": "https://registry.npmjs.org/@rollup/rollup-freebsd-x64/-/rollup-freebsd-x64-4.44.2.tgz",
			"integrity": "sha512-tdT1PHopokkuBVyHjvYehnIe20fxibxFCEhQP/96MDSOcyjM/shlTkZZLOufV3qO6/FQOSiJTBebhVc12JyPTA==",
			"cpu": [
				"x64"
			],
			"dev": true,
			"license": "MIT",
			"optional": true,
			"os": [
				"freebsd"
			]
		},
		"node_modules/@rollup/rollup-linux-arm-gnueabihf": {
			"version": "4.44.2",
			"resolved": "https://registry.npmjs.org/@rollup/rollup-linux-arm-gnueabihf/-/rollup-linux-arm-gnueabihf-4.44.2.tgz",
			"integrity": "sha512-+xmiDGGaSfIIOXMzkhJ++Oa0Gwvl9oXUeIiwarsdRXSe27HUIvjbSIpPxvnNsRebsNdUo7uAiQVgBD1hVriwSQ==",
			"cpu": [
				"arm"
			],
			"dev": true,
			"license": "MIT",
			"optional": true,
			"os": [
				"linux"
			]
		},
		"node_modules/@rollup/rollup-linux-arm-musleabihf": {
			"version": "4.44.2",
			"resolved": "https://registry.npmjs.org/@rollup/rollup-linux-arm-musleabihf/-/rollup-linux-arm-musleabihf-4.44.2.tgz",
			"integrity": "sha512-bDHvhzOfORk3wt8yxIra8N4k/N0MnKInCW5OGZaeDYa/hMrdPaJzo7CSkjKZqX4JFUWjUGm88lI6QJLCM7lDrA==",
			"cpu": [
				"arm"
			],
			"dev": true,
			"license": "MIT",
			"optional": true,
			"os": [
				"linux"
			]
		},
		"node_modules/@rollup/rollup-linux-arm64-gnu": {
			"version": "4.44.2",
			"resolved": "https://registry.npmjs.org/@rollup/rollup-linux-arm64-gnu/-/rollup-linux-arm64-gnu-4.44.2.tgz",
			"integrity": "sha512-NMsDEsDiYghTbeZWEGnNi4F0hSbGnsuOG+VnNvxkKg0IGDvFh7UVpM/14mnMwxRxUf9AdAVJgHPvKXf6FpMB7A==",
			"cpu": [
				"arm64"
			],
			"dev": true,
			"license": "MIT",
			"optional": true,
			"os": [
				"linux"
			]
		},
		"node_modules/@rollup/rollup-linux-arm64-musl": {
			"version": "4.44.2",
			"resolved": "https://registry.npmjs.org/@rollup/rollup-linux-arm64-musl/-/rollup-linux-arm64-musl-4.44.2.tgz",
			"integrity": "sha512-lb5bxXnxXglVq+7imxykIp5xMq+idehfl+wOgiiix0191av84OqbjUED+PRC5OA8eFJYj5xAGcpAZ0pF2MnW+A==",
			"cpu": [
				"arm64"
			],
			"dev": true,
			"license": "MIT",
			"optional": true,
			"os": [
				"linux"
			]
		},
		"node_modules/@rollup/rollup-linux-loongarch64-gnu": {
			"version": "4.44.2",
			"resolved": "https://registry.npmjs.org/@rollup/rollup-linux-loongarch64-gnu/-/rollup-linux-loongarch64-gnu-4.44.2.tgz",
			"integrity": "sha512-Yl5Rdpf9pIc4GW1PmkUGHdMtbx0fBLE1//SxDmuf3X0dUC57+zMepow2LK0V21661cjXdTn8hO2tXDdAWAqE5g==",
			"cpu": [
				"loong64"
			],
			"dev": true,
			"license": "MIT",
			"optional": true,
			"os": [
				"linux"
			]
		},
		"node_modules/@rollup/rollup-linux-powerpc64le-gnu": {
			"version": "4.44.2",
			"resolved": "https://registry.npmjs.org/@rollup/rollup-linux-powerpc64le-gnu/-/rollup-linux-powerpc64le-gnu-4.44.2.tgz",
			"integrity": "sha512-03vUDH+w55s680YYryyr78jsO1RWU9ocRMaeV2vMniJJW/6HhoTBwyyiiTPVHNWLnhsnwcQ0oH3S9JSBEKuyqw==",
			"cpu": [
				"ppc64"
			],
			"dev": true,
			"license": "MIT",
			"optional": true,
			"os": [
				"linux"
			]
		},
		"node_modules/@rollup/rollup-linux-riscv64-gnu": {
			"version": "4.44.2",
			"resolved": "https://registry.npmjs.org/@rollup/rollup-linux-riscv64-gnu/-/rollup-linux-riscv64-gnu-4.44.2.tgz",
			"integrity": "sha512-iYtAqBg5eEMG4dEfVlkqo05xMOk6y/JXIToRca2bAWuqjrJYJlx/I7+Z+4hSrsWU8GdJDFPL4ktV3dy4yBSrzg==",
			"cpu": [
				"riscv64"
			],
			"dev": true,
			"license": "MIT",
			"optional": true,
			"os": [
				"linux"
			]
		},
		"node_modules/@rollup/rollup-linux-riscv64-musl": {
			"version": "4.44.2",
			"resolved": "https://registry.npmjs.org/@rollup/rollup-linux-riscv64-musl/-/rollup-linux-riscv64-musl-4.44.2.tgz",
			"integrity": "sha512-e6vEbgaaqz2yEHqtkPXa28fFuBGmUJ0N2dOJK8YUfijejInt9gfCSA7YDdJ4nYlv67JfP3+PSWFX4IVw/xRIPg==",
			"cpu": [
				"riscv64"
			],
			"dev": true,
			"license": "MIT",
			"optional": true,
			"os": [
				"linux"
			]
		},
		"node_modules/@rollup/rollup-linux-s390x-gnu": {
			"version": "4.44.2",
			"resolved": "https://registry.npmjs.org/@rollup/rollup-linux-s390x-gnu/-/rollup-linux-s390x-gnu-4.44.2.tgz",
			"integrity": "sha512-evFOtkmVdY3udE+0QKrV5wBx7bKI0iHz5yEVx5WqDJkxp9YQefy4Mpx3RajIVcM6o7jxTvVd/qpC1IXUhGc1Mw==",
			"cpu": [
				"s390x"
			],
			"dev": true,
			"license": "MIT",
			"optional": true,
			"os": [
				"linux"
			]
		},
		"node_modules/@rollup/rollup-linux-x64-gnu": {
			"version": "4.44.2",
			"resolved": "https://registry.npmjs.org/@rollup/rollup-linux-x64-gnu/-/rollup-linux-x64-gnu-4.44.2.tgz",
			"integrity": "sha512-/bXb0bEsWMyEkIsUL2Yt5nFB5naLAwyOWMEviQfQY1x3l5WsLKgvZf66TM7UTfED6erckUVUJQ/jJ1FSpm3pRQ==",
			"cpu": [
				"x64"
			],
			"dev": true,
			"license": "MIT",
			"optional": true,
			"os": [
				"linux"
			]
		},
		"node_modules/@rollup/rollup-linux-x64-musl": {
			"version": "4.44.2",
			"resolved": "https://registry.npmjs.org/@rollup/rollup-linux-x64-musl/-/rollup-linux-x64-musl-4.44.2.tgz",
			"integrity": "sha512-3D3OB1vSSBXmkGEZR27uiMRNiwN08/RVAcBKwhUYPaiZ8bcvdeEwWPvbnXvvXHY+A/7xluzcN+kaiOFNiOZwWg==",
			"cpu": [
				"x64"
			],
			"dev": true,
			"license": "MIT",
			"optional": true,
			"os": [
				"linux"
			]
		},
		"node_modules/@rollup/rollup-win32-arm64-msvc": {
			"version": "4.44.2",
			"resolved": "https://registry.npmjs.org/@rollup/rollup-win32-arm64-msvc/-/rollup-win32-arm64-msvc-4.44.2.tgz",
			"integrity": "sha512-VfU0fsMK+rwdK8mwODqYeM2hDrF2WiHaSmCBrS7gColkQft95/8tphyzv2EupVxn3iE0FI78wzffoULH1G+dkw==",
			"cpu": [
				"arm64"
			],
			"dev": true,
			"license": "MIT",
			"optional": true,
			"os": [
				"win32"
			]
		},
		"node_modules/@rollup/rollup-win32-ia32-msvc": {
			"version": "4.44.2",
			"resolved": "https://registry.npmjs.org/@rollup/rollup-win32-ia32-msvc/-/rollup-win32-ia32-msvc-4.44.2.tgz",
			"integrity": "sha512-+qMUrkbUurpE6DVRjiJCNGZBGo9xM4Y0FXU5cjgudWqIBWbcLkjE3XprJUsOFgC6xjBClwVa9k6O3A7K3vxb5Q==",
			"cpu": [
				"ia32"
			],
			"dev": true,
			"license": "MIT",
			"optional": true,
			"os": [
				"win32"
			]
		},
		"node_modules/@rollup/rollup-win32-x64-msvc": {
			"version": "4.44.2",
			"resolved": "https://registry.npmjs.org/@rollup/rollup-win32-x64-msvc/-/rollup-win32-x64-msvc-4.44.2.tgz",
			"integrity": "sha512-3+QZROYfJ25PDcxFF66UEk8jGWigHJeecZILvkPkyQN7oc5BvFo4YEXFkOs154j3FTMp9mn9Ky8RCOwastduEA==",
			"cpu": [
				"x64"
			],
			"dev": true,
			"license": "MIT",
			"optional": true,
			"os": [
				"win32"
			]
		},
		"node_modules/@types/estree": {
			"version": "1.0.8",
			"resolved": "https://registry.npmjs.org/@types/estree/-/estree-1.0.8.tgz",
			"integrity": "sha512-dWHzHa2WqEXI/O1E9OjrocMTKJl2mSrEolh1Iomrv6U+JuNwaHXsXx9bLu5gG7BUWFIN0skIQJQ/L1rIex4X6w==",
			"dev": true,
			"license": "MIT"
		},
		"node_modules/@types/resolve": {
			"version": "1.20.2",
			"resolved": "https://registry.npmjs.org/@types/resolve/-/resolve-1.20.2.tgz",
			"integrity": "sha512-60BCwRFOZCQhDncwQdxxeOEEkbc5dIMccYLwbxsS4TUNeVECQ/pBJ0j09mrHOl/JJvpRPGwO9SvE4nR2Nb/a4Q==",
			"dev": true,
			"license": "MIT"
		},
		"node_modules/any-event": {
			"version": "2.2.0",
			"resolved": "https://registry.npmjs.org/any-event/-/any-event-2.2.0.tgz",
			"integrity": "sha512-PB4sEiVUjL+5mLmwlAGYdI5/1ouckapxS6+RPIvrGXv9XTMav7M3k3rR/f9fwAR+e2608CTR3FOR5HrOEYTtKA==",
			"license": "MIT",
			"dependencies": {
				"tslib": "^2.3.1"
			}
		},
		"node_modules/any-touch": {
			"version": "2.2.0",
			"resolved": "https://registry.npmjs.org/any-touch/-/any-touch-2.2.0.tgz",
			"integrity": "sha512-UnqDiRHefksz5K/Vnv8NAJX1xrQvA8Cpe4auwMs/EyI3rJlW3uo8eGYcLcU2AOBmwxBQh/aTtFondkkPmi1vcg==",
			"license": "MIT",
			"dependencies": {
				"@any-touch/core": "^2.2.0",
				"@any-touch/doubletap": "^2.2.0",
				"@any-touch/pan": "^2.2.0",
				"@any-touch/pinch": "^2.2.0",
				"@any-touch/press": "^2.2.0",
				"@any-touch/rotate": "^2.2.0",
				"@any-touch/swipe": "^2.2.0",
				"@any-touch/tap": "^2.2.0",
				"any-event": "^2.2.0",
				"tslib": "^2.3.1"
			}
		},
		"node_modules/balanced-match": {
			"version": "1.0.2",
			"resolved": "https://registry.npmjs.org/balanced-match/-/balanced-match-1.0.2.tgz",
			"integrity": "sha512-3oSeUO0TMV67hN1AmbXsK4yaqU7tjiHlbxRDZOpH0KW9+CeX4bRAaX0Anxt0tx2MrpRpWwQaPwIlISEJhYU5Pw==",
			"dev": true,
			"license": "MIT"
		},
		"node_modules/broker-factory": {
			"version": "3.1.7",
			"resolved": "https://registry.npmjs.org/broker-factory/-/broker-factory-3.1.7.tgz",
			"integrity": "sha512-RxbMXWq/Qvw9aLZMvuooMtVTm2/SV9JEpxpBbMuFhYAnDaZxctbJ+1b9ucHxADk/eQNqDijvWQjLVARqExAeyg==",
			"license": "MIT",
			"dependencies": {
				"@babel/runtime": "^7.27.6",
				"fast-unique-numbers": "^9.0.22",
				"tslib": "^2.8.1",
				"worker-factory": "^7.0.43"
			}
		},
		"node_modules/commondir": {
			"version": "1.0.1",
			"resolved": "https://registry.npmjs.org/commondir/-/commondir-1.0.1.tgz",
			"integrity": "sha512-W9pAhw0ja1Edb5GVdIF1mjZw/ASI0AlShXM83UUGe2DVr5TdAPEA1OA8m/g8zWp9x6On7gqufY+FatDbC3MDQg==",
			"dev": true,
			"license": "MIT"
		},
		"node_modules/concat-map": {
			"version": "0.0.1",
			"resolved": "https://registry.npmjs.org/concat-map/-/concat-map-0.0.1.tgz",
			"integrity": "sha512-/Srv4dswyQNBfohGpz9o6Yb3Gz3SrUDqBH5rTuhGR7ahtlbYKnVxw2bCFMRljaA7EXHaXZ8wsHdodFvbkhKmqg==",
			"dev": true,
			"license": "MIT"
		},
		"node_modules/deepmerge": {
			"version": "4.3.1",
			"resolved": "https://registry.npmjs.org/deepmerge/-/deepmerge-4.3.1.tgz",
			"integrity": "sha512-3sUqbMEc77XqpdNO7FRyRog+eW3ph+GYCbj+rK+uYyRMuwsVy0rMiVtPn+QJlKFvWP/1PYpapqYn0Me2knFn+A==",
			"dev": true,
			"license": "MIT",
			"engines": {
				"node": ">=0.10.0"
			}
		},
		"node_modules/estree-walker": {
			"version": "2.0.2",
			"resolved": "https://registry.npmjs.org/estree-walker/-/estree-walker-2.0.2.tgz",
			"integrity": "sha512-Rfkk/Mp/DL7JVje3u18FxFujQlTNR2q6QfMSMB7AvCBx91NGj/ba3kCfza0f6dVDbw7YlRf/nDrn7pQrCCyQ/w==",
			"dev": true,
			"license": "MIT"
		},
		"node_modules/fast-unique-numbers": {
			"version": "9.0.22",
			"resolved": "https://registry.npmjs.org/fast-unique-numbers/-/fast-unique-numbers-9.0.22.tgz",
			"integrity": "sha512-dBR+30yHAqBGvOuxxQdnn2lTLHCO6r/9B+M4yF8mNrzr3u1yiF+YVJ6u3GTyPN/VRWqaE1FcscZDdBgVKmrmQQ==",
			"license": "MIT",
			"dependencies": {
				"@babel/runtime": "^7.27.6",
				"tslib": "^2.8.1"
			},
			"engines": {
				"node": ">=18.2.0"
			}
		},
		"node_modules/fdir": {
			"version": "6.4.6",
			"resolved": "https://registry.npmjs.org/fdir/-/fdir-6.4.6.tgz",
			"integrity": "sha512-hiFoqpyZcfNm1yc4u8oWCf9A2c4D3QjCrks3zmoVKVxpQRzmPNar1hUJcBG2RQHvEVGDN+Jm81ZheVLAQMK6+w==",
			"dev": true,
			"license": "MIT",
			"peerDependencies": {
				"picomatch": "^3 || ^4"
			},
			"peerDependenciesMeta": {
				"picomatch": {
					"optional": true
				}
			}
		},
		"node_modules/fs.realpath": {
			"version": "1.0.0",
			"resolved": "https://registry.npmjs.org/fs.realpath/-/fs.realpath-1.0.0.tgz",
			"integrity": "sha512-OO0pH2lK6a0hZnAdau5ItzHPI6pUlvI7jMVnxUQRtw4owF2wk8lOSabtGDCTP4Ggrg2MbGnWO9X8K1t4+fGMDw==",
			"dev": true,
			"license": "ISC"
		},
		"node_modules/fsevents": {
			"version": "2.3.3",
			"resolved": "https://registry.npmjs.org/fsevents/-/fsevents-2.3.3.tgz",
			"integrity": "sha512-5xoDfX+fL7faATnagmWPpbFtwh/R77WmMMqqHGS65C3vvB0YHrgF+B1YmZ3441tMj5n63k0212XNoJwzlhffQw==",
			"dev": true,
			"hasInstallScript": true,
			"license": "MIT",
			"optional": true,
			"os": [
				"darwin"
			],
			"engines": {
				"node": "^8.16.0 || ^10.6.0 || >=11.0.0"
			}
		},
		"node_modules/function-bind": {
			"version": "1.1.2",
			"resolved": "https://registry.npmjs.org/function-bind/-/function-bind-1.1.2.tgz",
			"integrity": "sha512-7XHNxH7qX9xG5mIwxkhumTox/MIRNcOgDrxWsMt2pAr23WHp6MrRlN7FBSFpCpr+oVO0F744iUgR82nJMfG2SA==",
			"dev": true,
			"license": "MIT",
			"funding": {
				"url": "https://github.com/sponsors/ljharb"
			}
		},
		"node_modules/hasown": {
			"version": "2.0.2",
			"resolved": "https://registry.npmjs.org/hasown/-/hasown-2.0.2.tgz",
			"integrity": "sha512-0hJU9SCPvmMzIBdZFqNPXWa6dqh7WdH0cII9y+CyS8rG3nL48Bclra9HmKhVVUHyPWNH5Y7xDwAB7bfgSjkUMQ==",
			"dev": true,
			"license": "MIT",
			"dependencies": {
				"function-bind": "^1.1.2"
			},
			"engines": {
				"node": ">= 0.4"
			}
		},
		"node_modules/inflight": {
			"version": "1.0.6",
			"resolved": "https://registry.npmjs.org/inflight/-/inflight-1.0.6.tgz",
			"integrity": "sha512-k92I/b08q4wvFscXCLvqfsHCrjrF7yiXsQuIVvVE7N82W3+aqpzuUdBbfhWcy/FZR3/4IgflMgKLOsvPDrGCJA==",
			"deprecated": "This module is not supported, and leaks memory. Do not use it. Check out lru-cache if you want a good and tested way to coalesce async requests by a key value, which is much more comprehensive and powerful.",
			"dev": true,
			"license": "ISC",
			"dependencies": {
				"once": "^1.3.0",
				"wrappy": "1"
			}
		},
		"node_modules/inherits": {
			"version": "2.0.4",
			"resolved": "https://registry.npmjs.org/inherits/-/inherits-2.0.4.tgz",
			"integrity": "sha512-k/vGaX4/Yla3WzyMCvTQOXYeIHvqOKtnqBduzTHpzpQZzAskKMhZ2K+EnBiSM9zGSoIFeMpXKxa4dYeZIQqewQ==",
			"dev": true,
			"license": "ISC"
		},
		"node_modules/is-core-module": {
			"version": "2.16.1",
			"resolved": "https://registry.npmjs.org/is-core-module/-/is-core-module-2.16.1.tgz",
			"integrity": "sha512-UfoeMA6fIJ8wTYFEUjelnaGI67v6+N7qXJEvQuIGa99l4xsCruSYOVSQ0uPANn4dAzm8lkYPaKLrrijLq7x23w==",
			"dev": true,
			"license": "MIT",
			"dependencies": {
				"hasown": "^2.0.2"
			},
			"engines": {
				"node": ">= 0.4"
			},
			"funding": {
				"url": "https://github.com/sponsors/ljharb"
			}
		},
		"node_modules/is-module": {
			"version": "1.0.0",
			"resolved": "https://registry.npmjs.org/is-module/-/is-module-1.0.0.tgz",
			"integrity": "sha512-51ypPSPCoTEIN9dy5Oy+h4pShgJmPCygKfyRCISBI+JoWT/2oJvK8QPxmwv7b/p239jXrm9M1mlQbyKJ5A152g==",
			"dev": true,
			"license": "MIT"
		},
		"node_modules/is-reference": {
			"version": "1.2.1",
			"resolved": "https://registry.npmjs.org/is-reference/-/is-reference-1.2.1.tgz",
			"integrity": "sha512-U82MsXXiFIrjCK4otLT+o2NA2Cd2g5MLoOVXUZjIOhLurrRxpEXzI8O0KZHr3IjLvlAH1kTPYSuqer5T9ZVBKQ==",
			"dev": true,
			"license": "MIT",
			"dependencies": {
				"@types/estree": "*"
			}
		},
		"node_modules/magic-string": {
			"version": "0.30.17",
			"resolved": "https://registry.npmjs.org/magic-string/-/magic-string-0.30.17.tgz",
			"integrity": "sha512-sNPKHvyjVf7gyjwS4xGTaW/mCnF8wnjtifKBEhxfZ7E/S8tQ0rssrwGNn6q8JH/ohItJfSQp9mBtQYuTlH5QnA==",
			"dev": true,
			"license": "MIT",
			"dependencies": {
				"@jridgewell/sourcemap-codec": "^1.5.0"
			}
		},
		"node_modules/once": {
			"version": "1.4.0",
			"resolved": "https://registry.npmjs.org/once/-/once-1.4.0.tgz",
			"integrity": "sha512-lNaJgI+2Q5URQBkccEKHTQOPaXdUxnZZElQTZY0MFUAuaEqe1E+Nyvgdz/aIyNi6Z9MzO5dv1H8n58/GELp3+w==",
			"dev": true,
			"license": "ISC",
			"dependencies": {
				"wrappy": "1"
			}
		},
		"node_modules/path-is-absolute": {
			"version": "1.0.1",
			"resolved": "https://registry.npmjs.org/path-is-absolute/-/path-is-absolute-1.0.1.tgz",
			"integrity": "sha512-AVbw3UJ2e9bq64vSaS9Am0fje1Pa8pbGqTTsmXfaIiMpnr5DlDhfJOuLj9Sf95ZPVDAUerDfEk88MPmPe7UCQg==",
			"dev": true,
			"license": "MIT",
			"engines": {
				"node": ">=0.10.0"
			}
		},
		"node_modules/path-parse": {
			"version": "1.0.7",
			"resolved": "https://registry.npmjs.org/path-parse/-/path-parse-1.0.7.tgz",
			"integrity": "sha512-LDJzPVEEEPR+y48z93A0Ed0yXb8pAByGWo/k5YYdYgpY2/2EsOsksJrq7lOHxryrVOn1ejG6oAp8ahvOIQD8sw==",
			"dev": true,
			"license": "MIT"
		},
		"node_modules/picomatch": {
			"version": "4.0.2",
			"resolved": "https://registry.npmjs.org/picomatch/-/picomatch-4.0.2.tgz",
			"integrity": "sha512-M7BAV6Rlcy5u+m6oPhAPFgJTzAioX/6B0DxyvDlo9l8+T3nLKbrczg2WLUyzd45L8RqfUMyGPzekbMvX2Ldkwg==",
			"dev": true,
			"license": "MIT",
			"engines": {
				"node": ">=12"
			},
			"funding": {
				"url": "https://github.com/sponsors/jonschlinkert"
			}
		},
		"node_modules/resolve": {
			"version": "1.22.10",
			"resolved": "https://registry.npmjs.org/resolve/-/resolve-1.22.10.tgz",
			"integrity": "sha512-NPRy+/ncIMeDlTAsuqwKIiferiawhefFJtkNSW0qZJEqMEb+qBt/77B/jGeeek+F0uOeN05CDa6HXbbIgtVX4w==",
			"dev": true,
			"license": "MIT",
			"dependencies": {
				"is-core-module": "^2.16.0",
				"path-parse": "^1.0.7",
				"supports-preserve-symlinks-flag": "^1.0.0"
			},
			"bin": {
				"resolve": "bin/resolve"
			},
			"engines": {
				"node": ">= 0.4"
			},
			"funding": {
				"url": "https://github.com/sponsors/ljharb"
			}
		},
		"node_modules/rimraf": {
			"version": "2.7.1",
			"resolved": "https://registry.npmjs.org/rimraf/-/rimraf-2.7.1.tgz",
			"integrity": "sha512-uWjbaKIK3T1OSVptzX7Nl6PvQ3qAGtKEtVRjRuazjfL3Bx5eI409VZSqgND+4UNnmzLVdPj9FqFJNPqBZFve4w==",
			"deprecated": "Rimraf versions prior to v4 are no longer supported",
			"dev": true,
			"license": "ISC",
			"dependencies": {
				"glob": "^7.1.3"
			},
			"bin": {
				"rimraf": "bin.js"
			}
		},
		"node_modules/rimraf/node_modules/brace-expansion": {
			"version": "1.1.12",
			"resolved": "https://registry.npmjs.org/brace-expansion/-/brace-expansion-1.1.12.tgz",
			"integrity": "sha512-9T9UjW3r0UW5c1Q7GTwllptXwhvYmEzFhzMfZ9H7FQWt+uZePjZPjBP/W1ZEyZ1twGWom5/56TF4lPcqjnDHcg==",
			"dev": true,
			"license": "MIT",
			"dependencies": {
				"balanced-match": "^1.0.0",
				"concat-map": "0.0.1"
			}
		},
		"node_modules/rimraf/node_modules/glob": {
			"version": "7.2.3",
			"resolved": "https://registry.npmjs.org/glob/-/glob-7.2.3.tgz",
			"integrity": "sha512-nFR0zLpU2YCaRxwoCJvL6UvCH2JFyFVIvwTLsIf21AuHlMskA1hhTdk+LlYJtOlYt9v6dvszD2BGRqBL+iQK9Q==",
			"deprecated": "Glob versions prior to v9 are no longer supported",
			"dev": true,
			"license": "ISC",
			"dependencies": {
				"fs.realpath": "^1.0.0",
				"inflight": "^1.0.4",
				"inherits": "2",
				"minimatch": "^3.1.1",
				"once": "^1.3.0",
				"path-is-absolute": "^1.0.0"
			},
			"engines": {
				"node": "*"
			},
			"funding": {
				"url": "https://github.com/sponsors/isaacs"
			}
		},
		"node_modules/rimraf/node_modules/minimatch": {
			"version": "3.1.2",
			"resolved": "https://registry.npmjs.org/minimatch/-/minimatch-3.1.2.tgz",
			"integrity": "sha512-J7p63hRiAjw1NDEww1W7i37+ByIrOWO5XQQAzZ3VOcL0PNybwpfmV/N05zFAzwQ9USyEcX6t3UO+K5aqBQOIHw==",
			"dev": true,
			"license": "ISC",
			"dependencies": {
				"brace-expansion": "^1.1.7"
			},
			"engines": {
				"node": "*"
			}
		},
		"node_modules/rollup": {
			"version": "4.44.2",
			"resolved": "https://registry.npmjs.org/rollup/-/rollup-4.44.2.tgz",
			"integrity": "sha512-PVoapzTwSEcelaWGth3uR66u7ZRo6qhPHc0f2uRO9fX6XDVNrIiGYS0Pj9+R8yIIYSD/mCx2b16Ws9itljKSPg==",
			"dev": true,
			"license": "MIT",
			"dependencies": {
				"@types/estree": "1.0.8"
			},
			"bin": {
				"rollup": "dist/bin/rollup"
			},
			"engines": {
				"node": ">=18.0.0",
				"npm": ">=8.0.0"
			},
			"optionalDependencies": {
				"@rollup/rollup-android-arm-eabi": "4.44.2",
				"@rollup/rollup-android-arm64": "4.44.2",
				"@rollup/rollup-darwin-arm64": "4.44.2",
				"@rollup/rollup-darwin-x64": "4.44.2",
				"@rollup/rollup-freebsd-arm64": "4.44.2",
				"@rollup/rollup-freebsd-x64": "4.44.2",
				"@rollup/rollup-linux-arm-gnueabihf": "4.44.2",
				"@rollup/rollup-linux-arm-musleabihf": "4.44.2",
				"@rollup/rollup-linux-arm64-gnu": "4.44.2",
				"@rollup/rollup-linux-arm64-musl": "4.44.2",
				"@rollup/rollup-linux-loongarch64-gnu": "4.44.2",
				"@rollup/rollup-linux-powerpc64le-gnu": "4.44.2",
				"@rollup/rollup-linux-riscv64-gnu": "4.44.2",
				"@rollup/rollup-linux-riscv64-musl": "4.44.2",
				"@rollup/rollup-linux-s390x-gnu": "4.44.2",
				"@rollup/rollup-linux-x64-gnu": "4.44.2",
				"@rollup/rollup-linux-x64-musl": "4.44.2",
				"@rollup/rollup-win32-arm64-msvc": "4.44.2",
				"@rollup/rollup-win32-ia32-msvc": "4.44.2",
				"@rollup/rollup-win32-x64-msvc": "4.44.2",
				"fsevents": "~2.3.2"
			}
		},
		"node_modules/rollup-plugin-clear": {
			"version": "2.0.7",
			"resolved": "https://registry.npmjs.org/rollup-plugin-clear/-/rollup-plugin-clear-2.0.7.tgz",
			"integrity": "sha512-Hg8NC3JcJBO1ofgyQC0IACpyKn/yhHPGZ3C7R3ubNGWUXy9JXHQrewk4J4hVcZznw6SOKayLsaNae596Rwt8Vg==",
			"dev": true,
			"license": "ISC",
			"dependencies": {
				"rimraf": "^2.6.2"
			}
		},
		"node_modules/rollup-plugin-import-css": {
			"version": "4.0.1",
			"resolved": "https://registry.npmjs.org/rollup-plugin-import-css/-/rollup-plugin-import-css-4.0.1.tgz",
			"integrity": "sha512-Hl75wMZbaKvU60D8pBKsF7H0EqiWnD+85oMygUBmI2i6yusWS1i6T6yRo9LSrHWbHO65h+d1zSBRoqdmHRXzfg==",
			"dev": true,
			"license": "MIT",
			"dependencies": {
				"@rollup/pluginutils": "^5.1.4"
			},
			"engines": {
				"node": ">=16"
			},
			"peerDependencies": {
				"rollup": "^2.x.x || ^3.x.x || ^4.x.x"
			}
		},
		"node_modules/supports-preserve-symlinks-flag": {
			"version": "1.0.0",
			"resolved": "https://registry.npmjs.org/supports-preserve-symlinks-flag/-/supports-preserve-symlinks-flag-1.0.0.tgz",
			"integrity": "sha512-ot0WnXS9fgdkgIcePe6RHNk1WA8+muPa6cSjeR3V8K27q9BB1rTE3R1p7Hv0z1ZyAc8s6Vvv8DIyWf681MAt0w==",
			"dev": true,
			"license": "MIT",
			"engines": {
				"node": ">= 0.4"
			},
			"funding": {
				"url": "https://github.com/sponsors/ljharb"
			}
		},
		"node_modules/tslib": {
			"version": "2.8.1",
			"resolved": "https://registry.npmjs.org/tslib/-/tslib-2.8.1.tgz",
			"integrity": "sha512-oJFu94HQb+KVduSUQL7wnpmqnfmLsOA/nAh6b6EH0wCEoK0/mPeXU6c3wKDV83MkOuHPRHtSXKKU99IBazS/2w==",
			"license": "0BSD"
		},
		"node_modules/typescript": {
			"version": "5.8.3",
			"resolved": "https://registry.npmjs.org/typescript/-/typescript-5.8.3.tgz",
			"integrity": "sha512-p1diW6TqL9L07nNxvRMM7hMMw4c5XOo/1ibL4aAIGmSAt9slTE1Xgw5KWuof2uTOvCg9BY7ZRi+GaF+7sfgPeQ==",
			"dev": true,
			"license": "Apache-2.0",
			"bin": {
				"tsc": "bin/tsc",
				"tsserver": "bin/tsserver"
			},
			"engines": {
				"node": ">=14.17"
			}
		},
		"node_modules/worker-factory": {
			"version": "7.0.43",
			"resolved": "https://registry.npmjs.org/worker-factory/-/worker-factory-7.0.43.tgz",
			"integrity": "sha512-SACVoj3gWKtMVyT9N+VD11Pd/Xe58+ZFfp8b7y/PagOvj3i8lU3Uyj+Lj7WYTmSBvNLC0JFaQkx44E6DhH5+WA==",
			"license": "MIT",
			"dependencies": {
				"@babel/runtime": "^7.27.6",
				"fast-unique-numbers": "^9.0.22",
				"tslib": "^2.8.1"
			}
		},
		"node_modules/worker-timers": {
			"version": "8.0.22",
			"resolved": "https://registry.npmjs.org/worker-timers/-/worker-timers-8.0.22.tgz",
			"integrity": "sha512-Z+IF3bdHxN/cfJ3aTfqQhhlqhofSG/ph+LwuXew+5qN1cutFrJHfPAUCeAO1U8/vtYbUPeDP178+Q9yQLnRJBA==",
			"license": "MIT",
			"dependencies": {
				"@babel/runtime": "^7.27.6",
				"tslib": "^2.8.1",
				"worker-timers-broker": "^8.0.8",
				"worker-timers-worker": "^9.0.8"
			}
		},
		"node_modules/worker-timers-broker": {
			"version": "8.0.8",
			"resolved": "https://registry.npmjs.org/worker-timers-broker/-/worker-timers-broker-8.0.8.tgz",
			"integrity": "sha512-m7Qp+BTUz096zBwZ/CqR2zTl11fe8HjfL5il/oG/tGW2E75TGFrsJjnI1i9KU3tukMnCoR2UdW8pdWJ+rCglGw==",
			"license": "MIT",
			"dependencies": {
				"@babel/runtime": "^7.27.6",
				"broker-factory": "^3.1.7",
				"fast-unique-numbers": "^9.0.22",
				"tslib": "^2.8.1",
				"worker-timers-worker": "^9.0.8"
			}
		},
		"node_modules/worker-timers-worker": {
			"version": "9.0.8",
			"resolved": "https://registry.npmjs.org/worker-timers-worker/-/worker-timers-worker-9.0.8.tgz",
			"integrity": "sha512-CB6XOcOSQa6+QfyHlXRxsV8+Wl61Kl6MSaKj7OTeBfehv9dcdA1VRPyOqyfR4eZogyTHv51hoMzZG6pDkw+DIw==",
			"license": "MIT",
			"dependencies": {
				"@babel/runtime": "^7.27.6",
				"tslib": "^2.8.1",
				"worker-factory": "^7.0.43"
			}
		},
		"node_modules/wrappy": {
			"version": "1.0.2",
			"resolved": "https://registry.npmjs.org/wrappy/-/wrappy-1.0.2.tgz",
			"integrity": "sha512-l4Sp/DRseor9wL6EvV2+TuQn63dMkPjZ/sp9XkghTEbV9KlPS1xUsZ3u7/IQO4wxtcFB4bgpQPRcR3QCvezPcQ==",
			"dev": true,
			"license": "ISC"
		}
	}
}
